
Microsoft Visual Studio Solution File, Format Version 10.00
# Visual Studio 2008
Project("{8BC9CEB8-8B4A-11D0-8D11-00A0C91BC942}") = "testP305", "testP305\testP305.vcproj", "{CFD9C724-197E-4383-8745-CBC8B25AF11A}"
EndProject
Global
	GlobalSection(SolutionConfigurationPlatforms) = preSolution
		Debug|Win32 = Debug|Win32
		Release|Win32 = Release|Win32
	EndGlobalSection
	GlobalSection(ProjectConfigurationPlatforms) = postSolution
		{CFD9C724-197E-4383-8745-CBC8B25AF11A}.Debug|Win32.ActiveCfg = Debug|Win32
		{CFD9C724-197E-4383-8745-CBC8B25AF11A}.Debug|Win32.Build.0 = Debug|Win32
		{CFD9C724-197E-4383-8745-CBC8B25AF11A}.Release|Win32.ActiveCfg = Release|Win32
		{CFD9C724-197E-4383-8745-CBC8B25AF11A}.Release|Win32.Build.0 = Release|Win32
	EndGlobalSection
	GlobalSection(SolutionProperties) = preSolution
		HideSolutionNode = FALSE
	EndGlobalSection
EndGlobal
